// !$*UTF8*$!
{
	archiveVersion = 1;
	classes = {
	};
	objectVersion = 50;
	objects = {

/* Begin PBXBuildFile section */
		0E9D0B8424D2627300859334 /* index.js in Resources */ = {isa = PBXBuildFile; fileRef = 0E9D0B8324D2627300859334 /* index.js */; };
		0E9D0B8624D262C200859334 /* index.html in Resources */ = {isa = PBXBuildFile; fileRef = 0E9D0B8524D262C200859334 /* index.html */; };
		0E9D0B8924D2635800859334 /* TestJSObject.m in Sources */ = {isa = PBXBuildFile; fileRef = 0E9D0B8824D2635800859334 /* TestJSObject.m */; };
		0EC66E1024CFBD1500DD1A38 /* AppDelegate.m in Sources */ = {isa = PBXBuildFile; fileRef = 0EC66E0F24CFBD1500DD1A38 /* AppDelegate.m */; };
		0EC66E1324CFBD1500DD1A38 /* SceneDelegate.m in Sources */ = {isa = PBXBuildFile; fileRef = 0EC66E1224CFBD1500DD1A38 /* SceneDelegate.m */; };
		0EC66E1624CFBD1500DD1A38 /* ViewController.m in Sources */ = {isa = PBXBuildFile; fileRef = 0EC66E1524CFBD1500DD1A38 /* ViewController.m */; };
		0EC66E1924CFBD1500DD1A38 /* Main.storyboard in Resources */ = {isa = PBXBuildFile; fileRef = 0EC66E1724CFBD1500DD1A38 /* Main.storyboard */; };
		0EC66E1B24CFBD1A00DD1A38 /* Assets.xcassets in Resources */ = {isa = PBXBuildFile; fileRef = 0EC66E1A24CFBD1A00DD1A38 /* Assets.xcassets */; };
		0EC66E1E24CFBD1A00DD1A38 /* LaunchScreen.storyboard in Resources */ = {isa = PBXBuildFile; fileRef = 0EC66E1C24CFBD1A00DD1A38 /* LaunchScreen.storyboard */; };
		0EC66E2124CFBD1A00DD1A38 /* main.m in Sources */ = {isa = PBXBuildFile; fileRef = 0EC66E2024CFBD1A00DD1A38 /* main.m */; };
/* End PBXBuildFile section */

/* Begin PBXFileReference section */
		0E9D0B8324D2627300859334 /* index.js */ = {isa = PBXFileReference; lastKnownFileType = sourcecode.javascript; path = index.js; sourceTree = "<group>"; };
		0E9D0B8524D262C200859334 /* index.html */ = {isa = PBXFileReference; lastKnownFileType = text.html; path = index.html; sourceTree = "<group>"; };
		0E9D0B8724D2635800859334 /* TestJSObject.h */ = {isa = PBXFileReference; lastKnownFileType = sourcecode.c.h; path = TestJSObject.h; sourceTree = "<group>"; };
		0E9D0B8824D2635800859334 /* TestJSObject.m */ = {isa = PBXFileReference; lastKnownFileType = sourcecode.c.objc; path = TestJSObject.m; sourceTree = "<group>"; };
		0EC66E0B24CFBD1500DD1A38 /* testblock.app */ = {isa = PBXFileReference; explicitFileType = wrapper.application; includeInIndex = 0; path = testblock.app; sourceTree = BUILT_PRODUCTS_DIR; };
		0EC66E0E24CFBD1500DD1A38 /* AppDelegate.h */ = {isa = PBXFileReference; lastKnownFileType = sourcecode.c.h; path = AppDelegate.h; sourceTree = "<group>"; };
		0EC66E0F24CFBD1500DD1A38 /* AppDelegate.m */ = {isa = PBXFileReference; lastKnownFileType = sourcecode.c.objc; path = AppDelegate.m; sourceTree = "<group>"; };
		0EC66E1124CFBD1500DD1A38 /* SceneDelegate.h */ = {isa = PBXFileReference; lastKnownFileType = sourcecode.c.h; path = SceneDelegate.h; sourceTree = "<group>"; };
		0EC66E1224CFBD1500DD1A38 /* SceneDelegate.m */ = {isa = PBXFileReference; lastKnownFileType = sourcecode.c.objc; path = SceneDelegate.m; sourceTree = "<group>"; };
		0EC66E1424CFBD1500DD1A38 /* ViewController.h */ = {isa = PBXFileReference; lastKnownFileType = sourcecode.c.h; path = ViewController.h; sourceTree = "<group>"; };
		0EC66E1524CFBD1500DD1A38 /* ViewController.m */ = {isa = PBXFileReference; lastKnownFileType = sourcecode.c.objc; path = ViewController.m; sourceTree = "<group>"; };
		0EC66E1824CFBD1500DD1A38 /* Base */ = {isa = PBXFileReference; lastKnownFileType = file.storyboard; name = Base; path = Base.lproj/Main.storyboard; sourceTree = "<group>"; };
		0EC66E1A24CFBD1A00DD1A38 /* Assets.xcassets */ = {isa = PBXFileReference; lastKnownFileType = folder.assetcatalog; path = Assets.xcassets; sourceTree = "<group>"; };
		0EC66E1D24CFBD1A00DD1A38 /* Base */ = {isa = PBXFileReference; lastKnownFileType = file.storyboard; name = Base; path = Base.lproj/LaunchScreen.storyboard; sourceTree = "<group>"; };
		0EC66E1F24CFBD1A00DD1A38 /* Info.plist */ = {isa = PBXFileReference; lastKnownFileType = text.plist.xml; path = Info.plist; sourceTree = "<group>"; };
		0EC66E2024CFBD1A00DD1A38 /* main.m */ = {isa = PBXFileReference; lastKnownFileType = sourcecode.c.objc; path = main.m; sourceTree = "<group>"; };
/* End PBXFileReference section */

/* Begin PBXFrameworksBuildPhase section */
		0EC66E0824CFBD1500DD1A38 /* Frameworks */ = {
			isa = PBXFrameworksBuildPhase;
			buildActionMask = 2147483647;
			files = (
			);
			runOnlyForDeploymentPostprocessing = 0;
		};
/* End PBXFrameworksBuildPhase section */

/* Begin PBXGroup section */
		0E9D0B8A24D2A1C900859334 /* WebViewWithJS */ = {
			isa = PBXGroup;
			children = (
				0E9D0B8324D2627300859334 /* index.js */,
				0E9D0B8524D262C200859334 /* index.html */,
				0E9D0B8724D2635800859334 /* TestJSObject.h */,
				0E9D0B8824D2635800859334 /* TestJSObject.m */,
				0EC66E1424CFBD1500DD1A38 /* ViewController.h */,
				0EC66E1524CFBD1500DD1A38 /* ViewController.m */,
			);
			path = WebViewWithJS;
			sourceTree = "<group>";
		};
		0EC66E0224CFBD1500DD1A38 = {
			isa = PBXGroup;
			children = (
				0EC66E0D24CFBD1500DD1A38 /* testblock */,
				0EC66E0C24CFBD1500DD1A38 /* Products */,
			);
			sourceTree = "<group>";
		};
		0EC66E0C24CFBD1500DD1A38 /* Products */ = {
			isa = PBXGroup;
			children = (
				0EC66E0B24CFBD1500DD1A38 /* testblock.app */,
			);
			name = Products;
			sourceTree = "<group>";
		};
		0EC66E0D24CFBD1500DD1A38 /* testblock */ = {
			isa = PBXGroup;
			children = (
				0E9D0B8A24D2A1C900859334 /* WebViewWithJS */,
				0EC66E0E24CFBD1500DD1A38 /* AppDelegate.h */,
				0EC66E0F24CFBD1500DD1A38 /* AppDelegate.m */,
				0EC66E1124CFBD1500DD1A38 /* SceneDelegate.h */,
				0EC66E1224CFBD1500DD1A38 /* SceneDelegate.m */,
				0EC66E1724CFBD1500DD1A38 /* Main.storyboard */,
				0EC66E1A24CFBD1A00DD1A38 /* Assets.xcassets */,
				0EC66E1C24CFBD1A00DD1A38 /* LaunchScreen.storyboard */,
				0EC66E1F24CFBD1A00DD1A38 /* Info.plist */,
				0EC66E2024CFBD1A00DD1A38 /* main.m */,
			);
			path = testblock;
			sourceTree = "<group>";
		};
/* End PBXGroup section */

/* Begin PBXNativeTarget section */
		0EC66E0A24CFBD1500DD1A38 /* testblock */ = {
			isa = PBXNativeTarget;
			buildConfigurationList = 0EC66E2424CFBD1A00DD1A38 /* Build configuration list for PBXNativeTarget "testblock" */;
			buildPhases = (
				0EC66E0724CFBD1500DD1A38 /* Sources */,
				0EC66E0824CFBD1500DD1A38 /* Frameworks */,
				0EC66E0924CFBD1500DD1A38 /* Resources */,
			);
			buildRules = (
			);
			dependencies = (
			);
			name = testblock;
			productName = testblock;
			productReference = 0EC66E0B24CFBD1500DD1A38 /* testblock.app */;
			productType = "com.apple.product-type.application";
		};
/* End PBXNativeTarget section */

/* Begin PBXProject section */
		0EC66E0324CFBD1500DD1A38 /* Project object */ = {
			isa = PBXProject;
			attributes = {
				LastUpgradeCheck = 1150;
				ORGANIZATIONNAME = 11;
				TargetAttributes = {
					0EC66E0A24CFBD1500DD1A38 = {
						CreatedOnToolsVersion = 11.5;
					};
				};
			};
			buildConfigurationList = 0EC66E0624CFBD1500DD1A38 /* Build configuration list for PBXProject "testblock" */;
			compatibilityVersion = "Xcode 9.3";
			developmentRegion = en;
			hasScannedForEncodings = 0;
			knownRegions = (
				en,
				Base,
			);
			mainGroup = 0EC66E0224CFBD1500DD1A38;
			productRefGroup = 0EC66E0C24CFBD1500DD1A38 /* Products */;
			projectDirPath = "";
			projectRoot = "";
			targets = (
				0EC66E0A24CFBD1500DD1A38 /* testblock */,
			);
		};
/* End PBXProject section */

/* Begin PBXResourcesBuildPhase section */
		0EC66E0924CFBD1500DD1A38 /* Resources */ = {
			isa = PBXResourcesBuildPhase;
			buildActionMask = 2147483647;
			files = (
				0E9D0B8424D2627300859334 /* index.js in Resources */,
				0EC66E1E24CFBD1A00DD1A38 /* LaunchScreen.storyboard in Resources */,
				0E9D0B8624D262C200859334 /* index.html in Resources */,
				0EC66E1B24CFBD1A00DD1A38 /* Assets.xcassets in Resources */,
				0EC66E1924CFBD1500DD1A38 /* Main.storyboard in Resources */,
			);
			runOnlyForDeploymentPostprocessing = 0;
		};
/* End PBXResourcesBuildPhase section */

/* Begin PBXSourcesBuildPhase section */
		0EC66E0724CFBD1500DD1A38 /* Sources */ = {
			isa = PBXSourcesBuildPhase;
			buildActionMask = 2147483647;
			files = (
				0EC66E1624CFBD1500DD1A38 /* ViewController.m in Sources */,
				0EC66E1024CFBD1500DD1A38 /* AppDelegate.m in Sources */,
				0EC66E2124CFBD1A00DD1A38 /* main.m in Sources */,
				0EC66E1324CFBD1500DD1A38 /* SceneDelegate.m in Sources */,
				0E9D0B8924D2635800859334 /* TestJSObject.m in Sources */,
			);
			runOnlyForDeploymentPostprocessing = 0;
		};
/* End PBXSourcesBuildPhase section */

/* Begin PBXVariantGroup section */
		0EC66E1724CFBD1500DD1A38 /* Main.storyboard */ = {
			isa = PBXVariantGroup;
			children = (
				0EC66E1824CFBD1500DD1A38 /* Base */,
			);
			name = Main.storyboard;
			sourceTree = "<group>";
		};
		0EC66E1C24CFBD1A00DD1A38 /* LaunchScreen.storyboard */ = {
			isa = PBXVariantGroup;
			children = (
				0EC66E1D24CFBD1A00DD1A38 /* Base */,
			);
			name = LaunchScreen.storyboard;
			sourceTree = "<group>";
		};
/* End PBXVariantGroup section */

/* Begin XCBuildConfiguration section */
		0EC66E2224CFBD1A00DD1A38 /* Debug */ = {
			isa = XCBuildConfiguration;
			buildSettings = {
				ALWAYS_SEARCH_USER_PATHS = NO;
				CLANG_ANALYZER_NONNULL = YES;
				CLANG_ANALYZER_NUMBER_OBJECT_CONVERSION = YES_AGGRESSIVE;
				CLANG_CXX_LANGUAGE_STANDARD = "gnu++14";
				CLANG_CXX_LIBRARY = "libc++";
				CLANG_ENABLE_MODULES = YES;
				CLANG_ENABLE_OBJC_ARC = YES;
				CLANG_ENABLE_OBJC_WEAK = YES;
				CLANG_WARN_BLOCK_CAPTURE_AUTORELEASING = YES;
				CLANG_WARN_BOOL_CONVERSION = YES;
				CLANG_WARN_COMMA = YES;
				CLANG_WARN_CONSTANT_CONVERSION = YES;
				CLANG_WARN_DEPRECATED_OBJC_IMPLEMENTATIONS = YES;
				CLANG_WARN_DIRECT_OBJC_ISA_USAGE = YES_ERROR;
				CLANG_WARN_DOCUMENTATION_COMMENTS = YES;
				CLANG_WARN_EMPTY_BODY = YES;
				CLANG_WARN_ENUM_CONVERSION = YES;
				CLANG_WARN_INFINITE_RECURSION = YES;
				CLANG_WARN_INT_CONVERSION = YES;
				CLANG_WARN_NON_LITERAL_NULL_CONVERSION = YES;
				CLANG_WARN_OBJC_IMPLICIT_RETAIN_SELF = YES;
				CLANG_WARN_OBJC_LITERAL_CONVERSION = YES;
				CLANG_WARN_OBJC_ROOT_CLASS = YES_ERROR;
				CLANG_WARN_RANGE_LOOP_ANALYSIS = YES;
				CLANG_WARN_STRICT_PROTOTYPES = YES;
				CLANG_WARN_SUSPICIOUS_MOVE = YES;
				CLANG_WARN_UNGUARDED_AVAILABILITY = YES_AGGRESSIVE;
				CLANG_WARN_UNREACHABLE_CODE = YES;
				CLANG_WARN__DUPLICATE_METHOD_MATCH = YES;
				COPY_PHASE_STRIP = NO;
				DEBUG_INFORMATION_FORMAT = dwarf;
				ENABLE_STRICT_OBJC_MSGSEND = YES;
				ENABLE_TESTABILITY = YES;
				GCC_C_LANGUAGE_STANDARD = gnu11;
				GCC_DYNAMIC_NO_PIC = NO;
				GCC_NO_COMMON_BLOCKS = YES;
				GCC_OPTIMIZATION_LEVEL = 0;
				GCC_PREPROCESSOR_DEFINITIONS = "";
				GCC_WARN_64_TO_32_BIT_CONVERSION = YES;
				GCC_WARN_ABOUT_RETURN_TYPE = YES_ERROR;
				GCC_WARN_UNDECLARED_SELECTOR = YES;
				GCC_WARN_UNINITIALIZED_AUTOS = YES_AGGRESSIVE;
				GCC_WARN_UNUSED_FUNCTION = YES;
				GCC_WARN_UNUSED_VARIABLE = YES;
				IPHONEOS_DEPLOYMENT_TARGET = 13.5;
				MTL_ENABLE_DEBUG_INFO = INCLUDE_SOURCE;
				MTL_FAST_MATH = YES;
				ONLY_ACTIVE_ARCH = YES;
				SDKROOT = iphoneos;
			};
			name = Debug;
		};
		0EC66E2324CFBD1A00DD1A38 /* Release */ = {
			isa = XCBuildConfiguration;
			buildSettings = {
				ALWAYS_SEARCH_USER_PATHS = NO;
				CLANG_ANALYZER_NONNULL = YES;
				CLANG_ANALYZER_NUMBER_OBJECT_CONVERSION = YES_AGGRESSIVE;
				CLANG_CXX_LANGUAGE_STANDARD = "gnu++14";
				CLANG_CXX_LIBRARY = "libc++";
				CLANG_ENABLE_MODULES = YES;
				CLANG_ENABLE_OBJC_ARC = YES;
				CLANG_ENABLE_OBJC_WEAK = YES;
				CLANG_WARN_BLOCK_CAPTURE_AUTORELEASING = YES;
				CLANG_WARN_BOOL_CONVERSION = YES;
				CLANG_WARN_COMMA = YES;
				CLANG_WARN_CONSTANT_CONVERSION = YES;
				CLANG_WARN_DEPRECATED_OBJC_IMPLEMENTATIONS = YES;
				CLANG_WARN_DIRECT_OBJC_ISA_USAGE = YES_ERROR;
				CLANG_WARN_DOCUMENTATION_COMMENTS = YES;
				CLANG_WARN_EMPTY_BODY = YES;
				CLANG_WARN_ENUM_CONVERSION = YES;
				CLANG_WARN_INFINITE_RECURSION = YES;
				CLANG_WARN_INT_CONVERSION = YES;
				CLANG_WARN_NON_LITERAL_NULL_CONVERSION = YES;
				CLANG_WARN_OBJC_IMPLICIT_RETAIN_SELF = YES;
				CLANG_WARN_OBJC_LITERAL_CONVERSION = YES;
				CLANG_WARN_OBJC_ROOT_CLASS = YES_ERROR;
				CLANG_WARN_RANGE_LOOP_ANALYSIS = YES;
				CLANG_WARN_STRICT_PROTOTYPES = YES;
				CLANG_WARN_SUSPICIOUS_MOVE = YES;
				CLANG_WARN_UNGUARDED_AVAILABILITY = YES_AGGRESSIVE;
				CLANG_WARN_UNREACHABLE_CODE = YES;
				CLANG_WARN__DUPLICATE_METHOD_MATCH = YES;
				COPY_PHASE_STRIP = NO;
				DEBUG_INFORMATION_FORMAT = "dwarf-with-dsym";
				ENABLE_NS_ASSERTIONS = NO;
				ENABLE_STRICT_OBJC_MSGSEND = YES;
				GCC_C_LANGUAGE_STANDARD = gnu11;
				GCC_NO_COMMON_BLOCKS = YES;
				GCC_PREPROCESSOR_DEFINITIONS = "";
				GCC_WARN_64_TO_32_BIT_CONVERSION = YES;
				GCC_WARN_ABOUT_RETURN_TYPE = YES_ERROR;
				GCC_WARN_UNDECLARED_SELECTOR = YES;
				GCC_WARN_UNINITIALIZED_AUTOS = YES_AGGRESSIVE;
				GCC_WARN_UNUSED_FUNCTION = YES;
				GCC_WARN_UNUSED_VARIABLE = YES;
				IPHONEOS_DEPLOYMENT_TARGET = 13.5;
				MTL_ENABLE_DEBUG_INFO = NO;
				MTL_FAST_MATH = YES;
				SDKROOT = iphoneos;
				VALIDATE_PRODUCT = YES;
			};
			name = Release;
		};
		0EC66E2524CFBD1A00DD1A38 /* Debug */ = {
			isa = XCBuildConfiguration;
			buildSettings = {
				ASSETCATALOG_COMPILER_APPICON_NAME = AppIcon;
				CODE_SIGN_STYLE = Automatic;
				GCC_PREPROCESSOR_DEFINITIONS = "TRAGET_DEV=2";
				INFOPLIST_FILE = testblock/Info.plist;
				IPHONEOS_DEPLOYMENT_TARGET = 10.0;
				LD_RUNPATH_SEARCH_PATHS = (
					"$(inherited)",
					"@executable_path/Frameworks",
				);
				PRODUCT_BUNDLE_IDENTIFIER = "-1.testblock";
				PRODUCT_NAME = "$(TARGET_NAME)";
				TARGETED_DEVICE_FAMILY = "1,2";
			};
			name = Debug;
		};
		0EC66E2624CFBD1A00DD1A38 /* Release */ = {
			isa = XCBuildConfiguration;
			buildSettings = {
				ASSETCATALOG_COMPILER_APPICON_NAME = AppIcon;
				CODE_SIGN_STYLE = Automatic;
				GCC_PREPROCESSOR_DEFINITIONS = "TRAGET_DEV=2";
				INFOPLIST_FILE = testblock/Info.plist;
				IPHONEOS_DEPLOYMENT_TARGET = 10.0;
				LD_RUNPATH_SEARCH_PATHS = (
					"$(inherited)",
					"@executable_path/Frameworks",
				);
				PRODUCT_BUNDLE_IDENTIFIER = "-1.testblock";
				PRODUCT_NAME = "$(TARGET_NAME)";
				TARGETED_DEVICE_FAMILY = "1,2";
			};
			name = Release;
		};
/* End XCBuildConfiguration section */

/* Begin XCConfigurationList section */
		0EC66E0624CFBD1500DD1A38 /* Build configuration list for PBXProject "testblock" */ = {
			isa = XCConfigurationList;
			buildConfigurations = (
				0EC66E2224CFBD1A00DD1A38 /* Debug */,
				0EC66E2324CFBD1A00DD1A38 /* Release */,
			);
			defaultConfigurationIsVisible = 0;
			defaultConfigurationName = Release;
		};
		0EC66E2424CFBD1A00DD1A38 /* Build configuration list for PBXNativeTarget "testblock" */ = {
			isa = XCConfigurationList;
			buildConfigurations = (
				0EC66E2524CFBD1A00DD1A38 /* Debug */,
				0EC66E2624CFBD1A00DD1A38 /* Release */,
			);
			defaultConfigurationIsVisible = 0;
			defaultConfigurationName = Release;
		};
/* End XCConfigurationList section */
	};
	rootObject = 0EC66E0324CFBD1500DD1A38 /* Project object */;
}
